{
  "pins" : [
    {
      "identity" : "plantuml4ipad",
      "kind" : "remoteSourceControl",
      "location" : "https://github.com/bsorrentino/PlantUML4iPad.git",
      "state" : {
        "branch" : "line_editor",
        "revision" : "3286a2542bc414ce9d938b2d227adaa4768d7211"
      }
    }
  ],
  "version" : 2
}
