{
  "pins" : [
    {
      "identity" : "plantuml4ipad",
      "kind" : "remoteSourceControl",
      "location" : "https://github.com/bsorrentino/PlantUML4iPad.git",
      "state" : {
        "branch" : "line_editor",
        "revision" : "e548a819a771f5d82ab8d7848340be1261ea265b"
      }
    }
  ],
  "version" : 2
}
