{
  "pins" : [
    {
      "identity" : "swift-openai",
      "kind" : "remoteSourceControl",
      "location" : "https://github.com/bsorrentino/Swift-OpenAI.git",
      "state" : {
        "branch" : "develop",
        "revision" : "b616cb913c84d264fc33f1509ff3c7fe37e29e60"
      }
    }
  ],
  "version" : 2
}
