{
  "pins" : [
    {
      "identity" : "langgraph-swift",
      "kind" : "remoteSourceControl",
      "location" : "https://github.com/bsorrentino/LangGraph-Swift.git",
      "state" : {
        "branch" : "main",
        "revision" : "d91c62aaa25e818f2667482c6edbe635a375ec45"
      }
    },
    {
      "identity" : "openai",
      "kind" : "remoteSourceControl",
      "location" : "https://github.com/MacPaw/OpenAI.git",
      "state" : {
        "revision" : "9261cd39d55a718bcc360fbc29515a331cad5dbb",
        "version" : "0.4.3"
      }
    },
    {
      "identity" : "swift-http-types",
      "kind" : "remoteSourceControl",
      "location" : "https://github.com/apple/swift-http-types",
      "state" : {
        "revision" : "45eb0224913ea070ec4fba17291b9e7ecf4749ca",
        "version" : "1.5.1"
      }
    },
    {
      "identity" : "swift-openapi-runtime",
      "kind" : "remoteSourceControl",
      "location" : "https://github.com/apple/swift-openapi-runtime",
      "state" : {
        "revision" : "7722cf8eac05c1f1b5b05895b04cfcc29576d9be",
        "version" : "1.8.3"
      }
    },
    {
      "identity" : "swiftyace",
      "kind" : "remoteSourceControl",
      "location" : "https://github.com/bsorrentino/SwiftyACE.git",
      "state" : {
        "branch" : "main",
        "revision" : "b538153f25e353a00a9f1f970649bb1144b8a8f4"
      }
    }
  ],
  "version" : 2
}
