{
  "object": {
    "pins": [
      {
        "package": "LangGraph",
        "repositoryURL": "https://github.com/bsorrentino/LangGraph-Swift.git",
        "state": {
          "branch": null,
          "revision": "d52ea15791dca5c9f093ef3a735070fd5e3ab833",
          "version": "1.2.1"
        }
      },
      {
        "package": "OpenAI",
        "repositoryURL": "https://github.com/bsorrentino/Swift-OpenAI.git",
        "state": {
          "branch": "develop",
          "revision": "b616cb913c84d264fc33f1509ff3c7fe37e29e60",
          "version": null
        }
      }
    ]
  },
  "version": 1
}
