{
  "object": {
    "pins": [
      {
        "package": "LangGraph",
        "repositoryURL": "https://github.com/bsorrentino/LangGraph-Swift.git",
        "state": {
          "branch": null,
          "revision": "c3d6e5a12e3307cc01f447ed8f5bad83a2a6e796",
          "version": "1.2.0"
        }
      },
      {
        "package": "OpenAI",
        "repositoryURL": "https://github.com/bsorrentino/Swift-OpenAI.git",
        "state": {
          "branch": "develop",
          "revision": "b616cb913c84d264fc33f1509ff3c7fe37e29e60",
          "version": null
        }
      }
    ]
  },
  "version": 1
}
