// !$*UTF8*$!
{
	archiveVersion = 1;
	classes = {
	};
	objectVersion = 55;
	objects = {

/* Begin PBXBuildFile section */
		A00823992C73A5B000464590 /* AIAgent in Frameworks */ = {isa = PBXBuildFile; productRef = A00823982C73A5B000464590 /* AIAgent */; };
		A008239B2C73A5B000464590 /* AppSecureStorage in Frameworks */ = {isa = PBXBuildFile; productRef = A008239A2C73A5B000464590 /* AppSecureStorage */; };
		A008239D2C73A5B000464590 /* PlantUMLFramework in Frameworks */ = {isa = PBXBuildFile; productRef = A008239C2C73A5B000464590 /* PlantUMLFramework */; };
		A0277C0B293D11D7005435AE /* AsyncImage+Cache.swift in Sources */ = {isa = PBXBuildFile; fileRef = A09A6DDA293D0E5E000856ED /* AsyncImage+Cache.swift */; };
		A02BB3E82B41C9430073D432 /* OpenAIObservableService.swift in Sources */ = {isa = PBXBuildFile; fileRef = A02BB3E72B41C9430073D432 /* OpenAIObservableService.swift */; };
		A036CC3F2A0FC67C003FDB5E /* PlantUMLFramework in Frameworks */ = {isa = PBXBuildFile; productRef = A0BD13F629EB16280048D9C6 /* PlantUMLFramework */; };
		A038DB6029D489BA0032E312 /* PlantUMLOpenAIView.swift in Sources */ = {isa = PBXBuildFile; fileRef = A038DB5F29D489BA0032E312 /* PlantUMLOpenAIView.swift */; };
		A04512F12B3DFCB900CD1158 /* PlantUMLDiagramMenu.swift in Sources */ = {isa = PBXBuildFile; fileRef = A04512F02B3DFCB900CD1158 /* PlantUMLDiagramMenu.swift */; };
		A04512F32B3E2D8E00CD1158 /* PlantUMLDrawingView.swift in Sources */ = {isa = PBXBuildFile; fileRef = A04512F22B3E2D8E00CD1158 /* PlantUMLDrawingView.swift */; };
		A047206F29549ACC007E061F /* SwiftUI+Share.swift in Sources */ = {isa = PBXBuildFile; fileRef = A047206E29549ACC007E061F /* SwiftUI+Share.swift */; };
		A068572E29D8B31100E82C2F /* View+Clipboard.swift in Sources */ = {isa = PBXBuildFile; fileRef = A068572D29D8B31100E82C2F /* View+Clipboard.swift */; };
		A082CB002A9A68D80055D6D6 /* Settings.bundle in Resources */ = {isa = PBXBuildFile; fileRef = A082CAFF2A9A68D80055D6D6 /* Settings.bundle */; };
		A0943A6F2944A44900342426 /* ScaleToFit+ToggleStyle.swift in Sources */ = {isa = PBXBuildFile; fileRef = A0943A6E2944A44900342426 /* ScaleToFit+ToggleStyle.swift */; };
		A09F62DD29DDD08600650C9A /* PlantUMLFramework in Frameworks */ = {isa = PBXBuildFile; productRef = A09F62DC29DDD08600650C9A /* PlantUMLFramework */; };
		A0A139352A13C49A00B69FBC /* View+Secure.swift in Sources */ = {isa = PBXBuildFile; fileRef = A0A139342A13C49A00B69FBC /* View+Secure.swift */; };
		A0A42A76289ABC2D00E929EB /* PlantUMLDiagramView.swift in Sources */ = {isa = PBXBuildFile; fileRef = A0A42A75289ABC2D00E929EB /* PlantUMLDiagramView.swift */; };
		A0A42A79289AC37C00E929EB /* PlantUMLObservableDocument.swift in Sources */ = {isa = PBXBuildFile; fileRef = A0A42A78289AC37C00E929EB /* PlantUMLObservableDocument.swift */; };
		A0A80A762B3ED90A00CB08CA /* SwiftUI+PencilKit.swift in Sources */ = {isa = PBXBuildFile; fileRef = A0A80A752B3ED90A00CB08CA /* SwiftUI+PencilKit.swift */; };
		A0AC4EAD2CF760AE00E5090A /* NetworkObservableService.swift in Sources */ = {isa = PBXBuildFile; fileRef = A0AC4EAC2CF760AC00E5090A /* NetworkObservableService.swift */; };
		A0BADC7129D4C2740056A098 /* SwiftUI+Conditional.swift in Sources */ = {isa = PBXBuildFile; fileRef = A0BADC7029D4C2740056A098 /* SwiftUI+Conditional.swift */; };
		A0BFBA9A290D551F008340E3 /* Localizable.strings in Resources */ = {isa = PBXBuildFile; fileRef = A0BFBA9C290D551F008340E3 /* Localizable.strings */; };
		A0C0C3282B5D95DD00CE66A2 /* Errors.swift in Sources */ = {isa = PBXBuildFile; fileRef = A0C0C3272B5D95DD00CE66A2 /* Errors.swift */; };
		A0C0C3292B5D95DD00CE66A2 /* Errors.swift in Sources */ = {isa = PBXBuildFile; fileRef = A0C0C3272B5D95DD00CE66A2 /* Errors.swift */; };
		A0C0C33C2B5D9C7700CE66A2 /* AppSecureStorage in Frameworks */ = {isa = PBXBuildFile; productRef = A0C0C33B2B5D9C7700CE66A2 /* AppSecureStorage */; };
		A0C0C33F2B5D9D1900CE66A2 /* XCTestCase+LineEditor.swift in Sources */ = {isa = PBXBuildFile; fileRef = A0C5C2E22A0FD12C0038C889 /* XCTestCase+LineEditor.swift */; };
		A0C0C3402B5D9D1900CE66A2 /* XCUIElement+TextField.swift in Sources */ = {isa = PBXBuildFile; fileRef = A0C5C2E32A0FD12C0038C889 /* XCUIElement+TextField.swift */; };
		A0C0C34A2B5DA7A200CE66A2 /* ActivityView.swift in Sources */ = {isa = PBXBuildFile; fileRef = A0C0C3492B5DA7A200CE66A2 /* ActivityView.swift */; };
		A0C0C34B2B5DA7A200CE66A2 /* ActivityView.swift in Sources */ = {isa = PBXBuildFile; fileRef = A0C0C3492B5DA7A200CE66A2 /* ActivityView.swift */; };
		A0C0C34C2B5DA7A200CE66A2 /* ActivityView.swift in Sources */ = {isa = PBXBuildFile; fileRef = A0C0C3492B5DA7A200CE66A2 /* ActivityView.swift */; };
		A0C5C2E02A0FD05A0038C889 /* PlantUMLAppUITests.swift in Sources */ = {isa = PBXBuildFile; fileRef = A00729BA29DB2A9D00D73D1A /* PlantUMLAppUITests.swift */; };
		A0C5C2E12A0FD05A0038C889 /* PlantUMLAppUITestsLaunchTests.swift in Sources */ = {isa = PBXBuildFile; fileRef = A00729BC29DB2A9D00D73D1A /* PlantUMLAppUITestsLaunchTests.swift */; };
		A0D3C64A28984A0E000838D7 /* PlantUMLApp.swift in Sources */ = {isa = PBXBuildFile; fileRef = A0D3C64928984A0E000838D7 /* PlantUMLApp.swift */; };
		A0D3C64C28984A0E000838D7 /* PlantUMLDocument.swift in Sources */ = {isa = PBXBuildFile; fileRef = A0D3C64B28984A0E000838D7 /* PlantUMLDocument.swift */; };
		A0D3C64E28984A0E000838D7 /* PlantUMLDocumentView.swift in Sources */ = {isa = PBXBuildFile; fileRef = A0D3C64D28984A0E000838D7 /* PlantUMLDocumentView.swift */; };
		A0D3C65028984A10000838D7 /* Assets.xcassets in Resources */ = {isa = PBXBuildFile; fileRef = A0D3C64F28984A10000838D7 /* Assets.xcassets */; };
		A0D3C65328984A10000838D7 /* Preview Assets.xcassets in Resources */ = {isa = PBXBuildFile; fileRef = A0D3C65228984A10000838D7 /* Preview Assets.xcassets */; };
		A0D3C65E28984A10000838D7 /* PlantUMLTests.swift in Sources */ = {isa = PBXBuildFile; fileRef = A0D3C65D28984A10000838D7 /* PlantUMLTests.swift */; };
		A0EA855F2BADDB3800800522 /* XCUIElement+Gesture.swift in Sources */ = {isa = PBXBuildFile; fileRef = A0EA855E2BADDB3800800522 /* XCUIElement+Gesture.swift */; };
		A0EA85612BADDB9500800522 /* XCUIApplication+Tap.swift in Sources */ = {isa = PBXBuildFile; fileRef = A0EA85602BADDB9500800522 /* XCUIApplication+Tap.swift */; };
		A0EA85632BADDBFA00800522 /* XCTestCase+Wait.swift in Sources */ = {isa = PBXBuildFile; fileRef = A0EA85622BADDBFA00800522 /* XCTestCase+Wait.swift */; };
		A0EA85652BADDC5B00800522 /* EditorElement.swift in Sources */ = {isa = PBXBuildFile; fileRef = A0EA85642BADDC5B00800522 /* EditorElement.swift */; };
		A0EA85672BADF6F200800522 /* ConfigSettings.swift in Sources */ = {isa = PBXBuildFile; fileRef = A0EA85662BADF6F200800522 /* ConfigSettings.swift */; };
		A0F2B14229353C2D00A44481 /* SwiftUI+Rotate.swift in Sources */ = {isa = PBXBuildFile; fileRef = A0F2B14129353C2D00A44481 /* SwiftUI+Rotate.swift */; };
		A0FB8F9C295616BF00910896 /* View+UIImage.swift in Sources */ = {isa = PBXBuildFile; fileRef = A08AA78329561170004DE329 /* View+UIImage.swift */; };
		A0FED5D42BAEFA55003F1769 /* PlantUMLAppUITests+Deprecated.swift in Sources */ = {isa = PBXBuildFile; fileRef = A0FED5D32BAEFA55003F1769 /* PlantUMLAppUITests+Deprecated.swift */; };
		A0FED5D82BAEFAFE003F1769 /* DrawingUITests.swift in Sources */ = {isa = PBXBuildFile; fileRef = A0FED5D72BAEFAFE003F1769 /* DrawingUITests.swift */; };
/* End PBXBuildFile section */

/* Begin PBXContainerItemProxy section */
		A0C5C2DD2A0FCF6E0038C889 /* PBXContainerItemProxy */ = {
			isa = PBXContainerItemProxy;
			containerPortal = A0D3C63E28984A0E000838D7 /* Project object */;
			proxyType = 1;
			remoteGlobalIDString = A0D3C64528984A0E000838D7;
			remoteInfo = PlantUMLApp;
		};
		A0D3C65A28984A10000838D7 /* PBXContainerItemProxy */ = {
			isa = PBXContainerItemProxy;
			containerPortal = A0D3C63E28984A0E000838D7 /* Project object */;
			proxyType = 1;
			remoteGlobalIDString = A0D3C64528984A0E000838D7;
			remoteInfo = PlantUML;
		};
/* End PBXContainerItemProxy section */

/* Begin PBXFileReference section */
		A00729B829DB2A9D00D73D1A /* PlantUMLAppUITests.xctest */ = {isa = PBXFileReference; explicitFileType = wrapper.cfbundle; includeInIndex = 0; path = PlantUMLAppUITests.xctest; sourceTree = BUILT_PRODUCTS_DIR; };
		A00729BA29DB2A9D00D73D1A /* PlantUMLAppUITests.swift */ = {isa = PBXFileReference; lastKnownFileType = sourcecode.swift; path = PlantUMLAppUITests.swift; sourceTree = "<group>"; };
		A00729BC29DB2A9D00D73D1A /* PlantUMLAppUITestsLaunchTests.swift */ = {isa = PBXFileReference; lastKnownFileType = sourcecode.swift; path = PlantUMLAppUITestsLaunchTests.swift; sourceTree = "<group>"; };
		A01552A228CF47DF00F2B8A1 /* PlantUMLFramework */ = {isa = PBXFileReference; lastKnownFileType = wrapper; path = PlantUMLFramework; sourceTree = "<group>"; };
		A01907EF2951CD5C0059CCBE /* privacy_policy.md */ = {isa = PBXFileReference; lastKnownFileType = net.daringfireball.markdown; path = privacy_policy.md; sourceTree = "<group>"; };
		A02BB3E72B41C9430073D432 /* OpenAIObservableService.swift */ = {isa = PBXFileReference; lastKnownFileType = sourcecode.swift; path = OpenAIObservableService.swift; sourceTree = "<group>"; };
		A036CC402A0FC67C003FDB5E /* PlantUMLAppUITests.xctest */ = {isa = PBXFileReference; explicitFileType = wrapper.cfbundle; includeInIndex = 0; path = PlantUMLAppUITests.xctest; sourceTree = BUILT_PRODUCTS_DIR; };
		A038DB5B29D452880032E312 /* OpenAI.xcconfig */ = {isa = PBXFileReference; fileEncoding = 4; lastKnownFileType = text.xcconfig; path = OpenAI.xcconfig; sourceTree = "<group>"; };
		A038DB5F29D489BA0032E312 /* PlantUMLOpenAIView.swift */ = {isa = PBXFileReference; fileEncoding = 4; lastKnownFileType = sourcecode.swift; path = PlantUMLOpenAIView.swift; sourceTree = "<group>"; };
		A04512F02B3DFCB900CD1158 /* PlantUMLDiagramMenu.swift */ = {isa = PBXFileReference; lastKnownFileType = sourcecode.swift; path = PlantUMLDiagramMenu.swift; sourceTree = "<group>"; };
		A04512F22B3E2D8E00CD1158 /* PlantUMLDrawingView.swift */ = {isa = PBXFileReference; lastKnownFileType = sourcecode.swift; path = PlantUMLDrawingView.swift; sourceTree = "<group>"; };
		A047206E29549ACC007E061F /* SwiftUI+Share.swift */ = {isa = PBXFileReference; lastKnownFileType = sourcecode.swift; path = "SwiftUI+Share.swift"; sourceTree = "<group>"; };
		A04FE0482AA26B8000210EFC /* PlantUML.xctestplan */ = {isa = PBXFileReference; lastKnownFileType = text; path = PlantUML.xctestplan; sourceTree = SOURCE_ROOT; };
		A05F2E372A1FFC49007FDF36 /* CHANGELOG.md */ = {isa = PBXFileReference; fileEncoding = 4; lastKnownFileType = net.daringfireball.markdown; path = CHANGELOG.md; sourceTree = "<group>"; };
		A068572D29D8B31100E82C2F /* View+Clipboard.swift */ = {isa = PBXFileReference; lastKnownFileType = sourcecode.swift; path = "View+Clipboard.swift"; sourceTree = "<group>"; };
		A074F6982A16D40500061398 /* OpenAI.prod.xcconfig */ = {isa = PBXFileReference; lastKnownFileType = text.xcconfig; path = OpenAI.prod.xcconfig; sourceTree = "<group>"; };
		A082CAFF2A9A68D80055D6D6 /* Settings.bundle */ = {isa = PBXFileReference; lastKnownFileType = "wrapper.plug-in"; path = Settings.bundle; sourceTree = "<group>"; };
		A083144E2BA5F8270077190F /* AIAgent */ = {isa = PBXFileReference; lastKnownFileType = wrapper; path = AIAgent; sourceTree = "<group>"; };
		A08AA78329561170004DE329 /* View+UIImage.swift */ = {isa = PBXFileReference; lastKnownFileType = sourcecode.swift; path = "View+UIImage.swift"; sourceTree = "<group>"; };
		A0943A6D29448A1700342426 /* AppStore.xcassets */ = {isa = PBXFileReference; lastKnownFileType = folder.assetcatalog; path = AppStore.xcassets; sourceTree = "<group>"; };
		A0943A6E2944A44900342426 /* ScaleToFit+ToggleStyle.swift */ = {isa = PBXFileReference; lastKnownFileType = sourcecode.swift; path = "ScaleToFit+ToggleStyle.swift"; sourceTree = "<group>"; };
		A09A6DDA293D0E5E000856ED /* AsyncImage+Cache.swift */ = {isa = PBXFileReference; lastKnownFileType = sourcecode.swift; path = "AsyncImage+Cache.swift"; sourceTree = "<group>"; };
		A0A139312A129F5400B69FBC /* AppSecureStorage */ = {isa = PBXFileReference; lastKnownFileType = wrapper; path = AppSecureStorage; sourceTree = "<group>"; };
		A0A139342A13C49A00B69FBC /* View+Secure.swift */ = {isa = PBXFileReference; lastKnownFileType = sourcecode.swift; path = "View+Secure.swift"; sourceTree = "<group>"; };
		A0A42A75289ABC2D00E929EB /* PlantUMLDiagramView.swift */ = {isa = PBXFileReference; lastKnownFileType = sourcecode.swift; path = PlantUMLDiagramView.swift; sourceTree = "<group>"; };
		A0A42A78289AC37C00E929EB /* PlantUMLObservableDocument.swift */ = {isa = PBXFileReference; lastKnownFileType = sourcecode.swift; path = PlantUMLObservableDocument.swift; sourceTree = "<group>"; };
		A0A80A752B3ED90A00CB08CA /* SwiftUI+PencilKit.swift */ = {isa = PBXFileReference; lastKnownFileType = sourcecode.swift; path = "SwiftUI+PencilKit.swift"; sourceTree = "<group>"; };
		A0AC4EAC2CF760AC00E5090A /* NetworkObservableService.swift */ = {isa = PBXFileReference; lastKnownFileType = sourcecode.swift; path = NetworkObservableService.swift; sourceTree = "<group>"; };
		A0BADC7029D4C2740056A098 /* SwiftUI+Conditional.swift */ = {isa = PBXFileReference; fileEncoding = 4; lastKnownFileType = sourcecode.swift; path = "SwiftUI+Conditional.swift"; sourceTree = "<group>"; };
		A0BFBA9B290D551F008340E3 /* en */ = {isa = PBXFileReference; lastKnownFileType = text.plist.strings; name = en; path = en.lproj/Localizable.strings; sourceTree = "<group>"; };
		A0C0C3272B5D95DD00CE66A2 /* Errors.swift */ = {isa = PBXFileReference; lastKnownFileType = sourcecode.swift; path = Errors.swift; sourceTree = "<group>"; };
		A0C0C3492B5DA7A200CE66A2 /* ActivityView.swift */ = {isa = PBXFileReference; lastKnownFileType = sourcecode.swift; path = ActivityView.swift; sourceTree = "<group>"; };
		A0C5C2E22A0FD12C0038C889 /* XCTestCase+LineEditor.swift */ = {isa = PBXFileReference; fileEncoding = 4; lastKnownFileType = sourcecode.swift; path = "XCTestCase+LineEditor.swift"; sourceTree = "<group>"; };
		A0C5C2E32A0FD12C0038C889 /* XCUIElement+TextField.swift */ = {isa = PBXFileReference; fileEncoding = 4; lastKnownFileType = sourcecode.swift; path = "XCUIElement+TextField.swift"; sourceTree = "<group>"; };
		A0D3C64628984A0E000838D7 /* PlantUMLApp.app */ = {isa = PBXFileReference; explicitFileType = wrapper.application; includeInIndex = 0; path = PlantUMLApp.app; sourceTree = BUILT_PRODUCTS_DIR; };
		A0D3C64928984A0E000838D7 /* PlantUMLApp.swift */ = {isa = PBXFileReference; lastKnownFileType = sourcecode.swift; path = PlantUMLApp.swift; sourceTree = "<group>"; };
		A0D3C64B28984A0E000838D7 /* PlantUMLDocument.swift */ = {isa = PBXFileReference; lastKnownFileType = sourcecode.swift; path = PlantUMLDocument.swift; sourceTree = "<group>"; };
		A0D3C64D28984A0E000838D7 /* PlantUMLDocumentView.swift */ = {isa = PBXFileReference; lastKnownFileType = sourcecode.swift; path = PlantUMLDocumentView.swift; sourceTree = "<group>"; };
		A0D3C64F28984A10000838D7 /* Assets.xcassets */ = {isa = PBXFileReference; lastKnownFileType = folder.assetcatalog; path = Assets.xcassets; sourceTree = "<group>"; };
		A0D3C65228984A10000838D7 /* Preview Assets.xcassets */ = {isa = PBXFileReference; lastKnownFileType = folder.assetcatalog; path = "Preview Assets.xcassets"; sourceTree = "<group>"; };
		A0D3C65428984A10000838D7 /* Info.plist */ = {isa = PBXFileReference; lastKnownFileType = text.plist.xml; path = Info.plist; sourceTree = "<group>"; };
		A0D3C65928984A10000838D7 /* PlantUMLTests.xctest */ = {isa = PBXFileReference; explicitFileType = wrapper.cfbundle; includeInIndex = 0; path = PlantUMLTests.xctest; sourceTree = BUILT_PRODUCTS_DIR; };
		A0D3C65D28984A10000838D7 /* PlantUMLTests.swift */ = {isa = PBXFileReference; lastKnownFileType = sourcecode.swift; path = PlantUMLTests.swift; sourceTree = "<group>"; };
		A0EA855E2BADDB3800800522 /* XCUIElement+Gesture.swift */ = {isa = PBXFileReference; lastKnownFileType = sourcecode.swift; path = "XCUIElement+Gesture.swift"; sourceTree = "<group>"; };
		A0EA85602BADDB9500800522 /* XCUIApplication+Tap.swift */ = {isa = PBXFileReference; lastKnownFileType = sourcecode.swift; path = "XCUIApplication+Tap.swift"; sourceTree = "<group>"; };
		A0EA85622BADDBFA00800522 /* XCTestCase+Wait.swift */ = {isa = PBXFileReference; lastKnownFileType = sourcecode.swift; path = "XCTestCase+Wait.swift"; sourceTree = "<group>"; };
		A0EA85642BADDC5B00800522 /* EditorElement.swift */ = {isa = PBXFileReference; lastKnownFileType = sourcecode.swift; path = EditorElement.swift; sourceTree = "<group>"; };
		A0EA85662BADF6F200800522 /* ConfigSettings.swift */ = {isa = PBXFileReference; lastKnownFileType = sourcecode.swift; path = ConfigSettings.swift; sourceTree = "<group>"; };
		A0F2B14129353C2D00A44481 /* SwiftUI+Rotate.swift */ = {isa = PBXFileReference; lastKnownFileType = sourcecode.swift; path = "SwiftUI+Rotate.swift"; sourceTree = "<group>"; };
		A0FED5D32BAEFA55003F1769 /* PlantUMLAppUITests+Deprecated.swift */ = {isa = PBXFileReference; lastKnownFileType = sourcecode.swift; path = "PlantUMLAppUITests+Deprecated.swift"; sourceTree = "<group>"; };
		A0FED5D72BAEFAFE003F1769 /* DrawingUITests.swift */ = {isa = PBXFileReference; lastKnownFileType = sourcecode.swift; path = DrawingUITests.swift; sourceTree = "<group>"; };
/* End PBXFileReference section */

/* Begin PBXFrameworksBuildPhase section */
		A00729B529DB2A9D00D73D1A /* Frameworks */ = {
			isa = PBXFrameworksBuildPhase;
			buildActionMask = 2147483647;
			files = (
				A036CC3F2A0FC67C003FDB5E /* PlantUMLFramework in Frameworks */,
				A0C0C33C2B5D9C7700CE66A2 /* AppSecureStorage in Frameworks */,
			);
			runOnlyForDeploymentPostprocessing = 0;
		};
		A0D3C64328984A0E000838D7 /* Frameworks */ = {
			isa = PBXFrameworksBuildPhase;
			buildActionMask = 2147483647;
			files = (
				A00823992C73A5B000464590 /* AIAgent in Frameworks */,
				A008239D2C73A5B000464590 /* PlantUMLFramework in Frameworks */,
				A008239B2C73A5B000464590 /* AppSecureStorage in Frameworks */,
			);
			runOnlyForDeploymentPostprocessing = 0;
		};
		A0D3C65628984A10000838D7 /* Frameworks */ = {
			isa = PBXFrameworksBuildPhase;
			buildActionMask = 2147483647;
			files = (
				A09F62DD29DDD08600650C9A /* PlantUMLFramework in Frameworks */,
			);
			runOnlyForDeploymentPostprocessing = 0;
		};
/* End PBXFrameworksBuildPhase section */

/* Begin PBXGroup section */
		A00729B929DB2A9D00D73D1A /* PlantUMLAppUITests */ = {
			isa = PBXGroup;
			children = (
				A0FED5D32BAEFA55003F1769 /* PlantUMLAppUITests+Deprecated.swift */,
				A0EA855E2BADDB3800800522 /* XCUIElement+Gesture.swift */,
				A0C5C2E32A0FD12C0038C889 /* XCUIElement+TextField.swift */,
				A0C5C2E22A0FD12C0038C889 /* XCTestCase+LineEditor.swift */,
				A0EA85602BADDB9500800522 /* XCUIApplication+Tap.swift */,
				A0EA85622BADDBFA00800522 /* XCTestCase+Wait.swift */,
				A0EA85642BADDC5B00800522 /* EditorElement.swift */,
				A00729BA29DB2A9D00D73D1A /* PlantUMLAppUITests.swift */,
				A0FED5D72BAEFAFE003F1769 /* DrawingUITests.swift */,
				A04FE0482AA26B8000210EFC /* PlantUML.xctestplan */,
				A00729BC29DB2A9D00D73D1A /* PlantUMLAppUITestsLaunchTests.swift */,
			);
			path = PlantUMLAppUITests;
			sourceTree = "<group>";
		};
		A07493822BAB04280025B3C9 /* Observable */ = {
			isa = PBXGroup;
			children = (
				A0A42A78289AC37C00E929EB /* PlantUMLObservableDocument.swift */,
				A02BB3E72B41C9430073D432 /* OpenAIObservableService.swift */,
				A0AC4EAC2CF760AC00E5090A /* NetworkObservableService.swift */,
			);
			name = Observable;
			sourceTree = "<group>";
		};
		A07493832BAB04A00025B3C9 /* Representable */ = {
			isa = PBXGroup;
			children = (
				A0A80A752B3ED90A00CB08CA /* SwiftUI+PencilKit.swift */,
				A047206E29549ACC007E061F /* SwiftUI+Share.swift */,
			);
			name = Representable;
			sourceTree = "<group>";
		};
		A07493852BAB74590025B3C9 /* Deprecated */ = {
			isa = PBXGroup;
			children = (
				A04512F02B3DFCB900CD1158 /* PlantUMLDiagramMenu.swift */,
			);
			name = Deprecated;
			sourceTree = "<group>";
		};
		A077461228C7EF6A007C5C13 /* Frameworks */ = {
			isa = PBXGroup;
			children = (
			);
			name = Frameworks;
			sourceTree = "<group>";
		};
		A0D3C63D28984A0E000838D7 = {
			isa = PBXGroup;
			children = (
				A05F2E372A1FFC49007FDF36 /* CHANGELOG.md */,
				A074F6982A16D40500061398 /* OpenAI.prod.xcconfig */,
				A038DB5B29D452880032E312 /* OpenAI.xcconfig */,
				A0943A6D29448A1700342426 /* AppStore.xcassets */,
				A01907EF2951CD5C0059CCBE /* privacy_policy.md */,
				A083144E2BA5F8270077190F /* AIAgent */,
				A0A139312A129F5400B69FBC /* AppSecureStorage */,
				A01552A228CF47DF00F2B8A1 /* PlantUMLFramework */,
				A0D3C64828984A0E000838D7 /* PlantUML */,
				A0D3C65C28984A10000838D7 /* PlantUMLTests */,
				A00729B929DB2A9D00D73D1A /* PlantUMLAppUITests */,
				A0D3C64728984A0E000838D7 /* Products */,
				A077461228C7EF6A007C5C13 /* Frameworks */,
			);
			sourceTree = "<group>";
		};
		A0D3C64728984A0E000838D7 /* Products */ = {
			isa = PBXGroup;
			children = (
				A0D3C64628984A0E000838D7 /* PlantUMLApp.app */,
				A0D3C65928984A10000838D7 /* PlantUMLTests.xctest */,
				A00729B829DB2A9D00D73D1A /* PlantUMLAppUITests.xctest */,
				A036CC402A0FC67C003FDB5E /* PlantUMLAppUITests.xctest */,
			);
			name = Products;
			sourceTree = "<group>";
		};
		A0D3C64828984A0E000838D7 /* PlantUML */ = {
			isa = PBXGroup;
			children = (
				A07493852BAB74590025B3C9 /* Deprecated */,
				A07493832BAB04A00025B3C9 /* Representable */,
				A07493822BAB04280025B3C9 /* Observable */,
				A0EA85662BADF6F200800522 /* ConfigSettings.swift */,
				A0C0C3272B5D95DD00CE66A2 /* Errors.swift */,
				A0C0C3492B5DA7A200CE66A2 /* ActivityView.swift */,
				A0A139342A13C49A00B69FBC /* View+Secure.swift */,
				A068572D29D8B31100E82C2F /* View+Clipboard.swift */,
				A08AA78329561170004DE329 /* View+UIImage.swift */,
				A0BADC7029D4C2740056A098 /* SwiftUI+Conditional.swift */,
				A0943A6E2944A44900342426 /* ScaleToFit+ToggleStyle.swift */,
				A0F2B14129353C2D00A44481 /* SwiftUI+Rotate.swift */,
				A09A6DDA293D0E5E000856ED /* AsyncImage+Cache.swift */,
				A0D3C64B28984A0E000838D7 /* PlantUMLDocument.swift */,
				A0D3C64928984A0E000838D7 /* PlantUMLApp.swift */,
				A0D3C64D28984A0E000838D7 /* PlantUMLDocumentView.swift */,
				A04512F22B3E2D8E00CD1158 /* PlantUMLDrawingView.swift */,
				A0A42A75289ABC2D00E929EB /* PlantUMLDiagramView.swift */,
				A038DB5F29D489BA0032E312 /* PlantUMLOpenAIView.swift */,
				A0BFBA9C290D551F008340E3 /* Localizable.strings */,
				A0D3C64F28984A10000838D7 /* Assets.xcassets */,
				A082CAFF2A9A68D80055D6D6 /* Settings.bundle */,
				A0D3C65428984A10000838D7 /* Info.plist */,
				A0D3C65128984A10000838D7 /* Preview Content */,
			);
			path = PlantUML;
			sourceTree = "<group>";
		};
		A0D3C65128984A10000838D7 /* Preview Content */ = {
			isa = PBXGroup;
			children = (
				A0D3C65228984A10000838D7 /* Preview Assets.xcassets */,
			);
			path = "Preview Content";
			sourceTree = "<group>";
		};
		A0D3C65C28984A10000838D7 /* PlantUMLTests */ = {
			isa = PBXGroup;
			children = (
				A0D3C65D28984A10000838D7 /* PlantUMLTests.swift */,
			);
			path = PlantUMLTests;
			sourceTree = "<group>";
		};
/* End PBXGroup section */

/* Begin PBXNativeTarget section */
		A00729B729DB2A9D00D73D1A /* PlantUMLAppUITests */ = {
			isa = PBXNativeTarget;
			buildConfigurationList = A00729C029DB2A9D00D73D1A /* Build configuration list for PBXNativeTarget "PlantUMLAppUITests" */;
			buildPhases = (
				A00729B529DB2A9D00D73D1A /* Frameworks */,
				A00729B629DB2A9D00D73D1A /* Resources */,
				A0C5C2DF2A0FD04E0038C889 /* Sources */,
			);
			buildRules = (
			);
			dependencies = (
				A0C5C2DE2A0FCF6E0038C889 /* PBXTargetDependency */,
			);
			name = PlantUMLAppUITests;
			packageProductDependencies = (
				A0BD13F629EB16280048D9C6 /* PlantUMLFramework */,
				A0C0C33B2B5D9C7700CE66A2 /* AppSecureStorage */,
			);
			productName = PlantUMLAppUITests;
			productReference = A036CC402A0FC67C003FDB5E /* PlantUMLAppUITests.xctest */;
			productType = "com.apple.product-type.bundle.ui-testing";
		};
		A0D3C64528984A0E000838D7 /* PlantUMLApp */ = {
			isa = PBXNativeTarget;
			buildConfigurationList = A0D3C66D28984A11000838D7 /* Build configuration list for PBXNativeTarget "PlantUMLApp" */;
			buildPhases = (
				A0D3C64228984A0E000838D7 /* Sources */,
				A0D3C64328984A0E000838D7 /* Frameworks */,
				A0D3C64428984A0E000838D7 /* Resources */,
			);
			buildRules = (
			);
			dependencies = (
			);
			name = PlantUMLApp;
			packageProductDependencies = (
				A00823982C73A5B000464590 /* AIAgent */,
				A008239A2C73A5B000464590 /* AppSecureStorage */,
				A008239C2C73A5B000464590 /* PlantUMLFramework */,
			);
			productName = PlantUML;
			productReference = A0D3C64628984A0E000838D7 /* PlantUMLApp.app */;
			productType = "com.apple.product-type.application";
		};
		A0D3C65828984A10000838D7 /* PlantUMLTests */ = {
			isa = PBXNativeTarget;
			buildConfigurationList = A0D3C67028984A11000838D7 /* Build configuration list for PBXNativeTarget "PlantUMLTests" */;
			buildPhases = (
				A0D3C65528984A10000838D7 /* Sources */,
				A0D3C65628984A10000838D7 /* Frameworks */,
				A0D3C65728984A10000838D7 /* Resources */,
			);
			buildRules = (
			);
			dependencies = (
				A0D3C65B28984A10000838D7 /* PBXTargetDependency */,
			);
			name = PlantUMLTests;
			packageProductDependencies = (
				A09F62DC29DDD08600650C9A /* PlantUMLFramework */,
			);
			productName = PlantUMLTests;
			productReference = A0D3C65928984A10000838D7 /* PlantUMLTests.xctest */;
			productType = "com.apple.product-type.bundle.unit-test";
		};
/* End PBXNativeTarget section */

/* Begin PBXProject section */
		A0D3C63E28984A0E000838D7 /* Project object */ = {
			isa = PBXProject;
			attributes = {
				BuildIndependentTargetsInParallel = 1;
				LastSwiftUpdateCheck = 1410;
				LastUpgradeCheck = 1530;
				TargetAttributes = {
					A00729B729DB2A9D00D73D1A = {
						CreatedOnToolsVersion = 14.1;
						TestTargetID = A0D3C64528984A0E000838D7;
					};
					A0D3C64528984A0E000838D7 = {
						CreatedOnToolsVersion = 13.4.1;
					};
					A0D3C65828984A10000838D7 = {
						CreatedOnToolsVersion = 13.4.1;
						TestTargetID = A0D3C64528984A0E000838D7;
					};
				};
			};
			buildConfigurationList = A0D3C64128984A0E000838D7 /* Build configuration list for PBXProject "PlantUMLApp" */;
			compatibilityVersion = "Xcode 13.0";
			developmentRegion = en;
			hasScannedForEncodings = 0;
			knownRegions = (
				en,
				Base,
			);
			mainGroup = A0D3C63D28984A0E000838D7;
			packageReferences = (
			);
			productRefGroup = A0D3C64728984A0E000838D7 /* Products */;
			projectDirPath = "";
			projectRoot = "";
			targets = (
				A0D3C64528984A0E000838D7 /* PlantUMLApp */,
				A0D3C65828984A10000838D7 /* PlantUMLTests */,
				A00729B729DB2A9D00D73D1A /* PlantUMLAppUITests */,
			);
		};
/* End PBXProject section */

/* Begin PBXResourcesBuildPhase section */
		A00729B629DB2A9D00D73D1A /* Resources */ = {
			isa = PBXResourcesBuildPhase;
			buildActionMask = 2147483647;
			files = (
			);
			runOnlyForDeploymentPostprocessing = 0;
		};
		A0D3C64428984A0E000838D7 /* Resources */ = {
			isa = PBXResourcesBuildPhase;
			buildActionMask = 2147483647;
			files = (
				A0D3C65328984A10000838D7 /* Preview Assets.xcassets in Resources */,
				A0BFBA9A290D551F008340E3 /* Localizable.strings in Resources */,
				A082CB002A9A68D80055D6D6 /* Settings.bundle in Resources */,
				A0D3C65028984A10000838D7 /* Assets.xcassets in Resources */,
			);
			runOnlyForDeploymentPostprocessing = 0;
		};
		A0D3C65728984A10000838D7 /* Resources */ = {
			isa = PBXResourcesBuildPhase;
			buildActionMask = 2147483647;
			files = (
			);
			runOnlyForDeploymentPostprocessing = 0;
		};
/* End PBXResourcesBuildPhase section */

/* Begin PBXSourcesBuildPhase section */
		A0C5C2DF2A0FD04E0038C889 /* Sources */ = {
			isa = PBXSourcesBuildPhase;
			buildActionMask = 2147483647;
			files = (
				A0C0C33F2B5D9D1900CE66A2 /* XCTestCase+LineEditor.swift in Sources */,
				A0C0C3402B5D9D1900CE66A2 /* XCUIElement+TextField.swift in Sources */,
				A0C5C2E02A0FD05A0038C889 /* PlantUMLAppUITests.swift in Sources */,
				A0FED5D42BAEFA55003F1769 /* PlantUMLAppUITests+Deprecated.swift in Sources */,
				A0C0C34C2B5DA7A200CE66A2 /* ActivityView.swift in Sources */,
				A0C5C2E12A0FD05A0038C889 /* PlantUMLAppUITestsLaunchTests.swift in Sources */,
				A0EA85652BADDC5B00800522 /* EditorElement.swift in Sources */,
				A0FED5D82BAEFAFE003F1769 /* DrawingUITests.swift in Sources */,
				A0EA855F2BADDB3800800522 /* XCUIElement+Gesture.swift in Sources */,
				A0EA85612BADDB9500800522 /* XCUIApplication+Tap.swift in Sources */,
				A0EA85632BADDBFA00800522 /* XCTestCase+Wait.swift in Sources */,
			);
			runOnlyForDeploymentPostprocessing = 0;
		};
		A0D3C64228984A0E000838D7 /* Sources */ = {
			isa = PBXSourcesBuildPhase;
			buildActionMask = 2147483647;
			files = (
				A0FB8F9C295616BF00910896 /* View+UIImage.swift in Sources */,
				A038DB6029D489BA0032E312 /* PlantUMLOpenAIView.swift in Sources */,
				A0BADC7129D4C2740056A098 /* SwiftUI+Conditional.swift in Sources */,
				A04512F32B3E2D8E00CD1158 /* PlantUMLDrawingView.swift in Sources */,
				A0277C0B293D11D7005435AE /* AsyncImage+Cache.swift in Sources */,
				A02BB3E82B41C9430073D432 /* OpenAIObservableService.swift in Sources */,
				A0A42A79289AC37C00E929EB /* PlantUMLObservableDocument.swift in Sources */,
				A0D3C64A28984A0E000838D7 /* PlantUMLApp.swift in Sources */,
				A0943A6F2944A44900342426 /* ScaleToFit+ToggleStyle.swift in Sources */,
				A0A80A762B3ED90A00CB08CA /* SwiftUI+PencilKit.swift in Sources */,
				A0D3C64C28984A0E000838D7 /* PlantUMLDocument.swift in Sources */,
				A0EA85672BADF6F200800522 /* ConfigSettings.swift in Sources */,
				A0D3C64E28984A0E000838D7 /* PlantUMLDocumentView.swift in Sources */,
				A047206F29549ACC007E061F /* SwiftUI+Share.swift in Sources */,
				A0C0C34A2B5DA7A200CE66A2 /* ActivityView.swift in Sources */,
				A068572E29D8B31100E82C2F /* View+Clipboard.swift in Sources */,
				A0A139352A13C49A00B69FBC /* View+Secure.swift in Sources */,
				A0F2B14229353C2D00A44481 /* SwiftUI+Rotate.swift in Sources */,
				A0AC4EAD2CF760AE00E5090A /* NetworkObservableService.swift in Sources */,
				A04512F12B3DFCB900CD1158 /* PlantUMLDiagramMenu.swift in Sources */,
				A0C0C3282B5D95DD00CE66A2 /* Errors.swift in Sources */,
				A0A42A76289ABC2D00E929EB /* PlantUMLDiagramView.swift in Sources */,
			);
			runOnlyForDeploymentPostprocessing = 0;
		};
		A0D3C65528984A10000838D7 /* Sources */ = {
			isa = PBXSourcesBuildPhase;
			buildActionMask = 2147483647;
			files = (
				A0D3C65E28984A10000838D7 /* PlantUMLTests.swift in Sources */,
				A0C0C34B2B5DA7A200CE66A2 /* ActivityView.swift in Sources */,
				A0C0C3292B5D95DD00CE66A2 /* Errors.swift in Sources */,
			);
			runOnlyForDeploymentPostprocessing = 0;
		};
/* End PBXSourcesBuildPhase section */

/* Begin PBXTargetDependency section */
		A0C5C2DE2A0FCF6E0038C889 /* PBXTargetDependency */ = {
			isa = PBXTargetDependency;
			target = A0D3C64528984A0E000838D7 /* PlantUMLApp */;
			targetProxy = A0C5C2DD2A0FCF6E0038C889 /* PBXContainerItemProxy */;
		};
		A0D3C65B28984A10000838D7 /* PBXTargetDependency */ = {
			isa = PBXTargetDependency;
			target = A0D3C64528984A0E000838D7 /* PlantUMLApp */;
			targetProxy = A0D3C65A28984A10000838D7 /* PBXContainerItemProxy */;
		};
/* End PBXTargetDependency section */

/* Begin PBXVariantGroup section */
		A0BFBA9C290D551F008340E3 /* Localizable.strings */ = {
			isa = PBXVariantGroup;
			children = (
				A0BFBA9B290D551F008340E3 /* en */,
			);
			name = Localizable.strings;
			sourceTree = "<group>";
		};
/* End PBXVariantGroup section */

/* Begin XCBuildConfiguration section */
		A00729C129DB2A9D00D73D1A /* Debug */ = {
			isa = XCBuildConfiguration;
			buildSettings = {
				ALWAYS_EMBED_SWIFT_STANDARD_LIBRARIES = YES;
				CLANG_CXX_LANGUAGE_STANDARD = "gnu++20";
				CODE_SIGN_STYLE = Automatic;
				CURRENT_PROJECT_VERSION = 1;
				DEVELOPMENT_TEAM = 48J595L9BX;
				GENERATE_INFOPLIST_FILE = YES;
				IPHONEOS_DEPLOYMENT_TARGET = 16.6;
				MARKETING_VERSION = 1.0;
				PRODUCT_BUNDLE_IDENTIFIER = org.bsc.PlantUMLAppUITests;
				PRODUCT_NAME = "$(TARGET_NAME)";
				PROVISIONING_PROFILE = "";
				SUPPORTED_PLATFORMS = "iphoneos iphonesimulator";
				SUPPORTS_MACCATALYST = NO;
				SUPPORTS_MAC_DESIGNED_FOR_IPHONE_IPAD = YES;
				SWIFT_EMIT_LOC_STRINGS = NO;
				SWIFT_VERSION = 5.0;
				TARGETED_DEVICE_FAMILY = 2;
				TEST_TARGET_NAME = PlantUMLApp;
			};
			name = Debug;
		};
		A00729C229DB2A9D00D73D1A /* Release */ = {
			isa = XCBuildConfiguration;
			buildSettings = {
				ALWAYS_EMBED_SWIFT_STANDARD_LIBRARIES = YES;
				CLANG_CXX_LANGUAGE_STANDARD = "gnu++20";
				CODE_SIGN_STYLE = Automatic;
				CURRENT_PROJECT_VERSION = 1;
				DEVELOPMENT_TEAM = 48J595L9BX;
				GENERATE_INFOPLIST_FILE = YES;
				IPHONEOS_DEPLOYMENT_TARGET = 16.6;
				MARKETING_VERSION = 1.0;
				PRODUCT_BUNDLE_IDENTIFIER = org.bsc.PlantUMLAppUITests;
				PRODUCT_NAME = "$(TARGET_NAME)";
				PROVISIONING_PROFILE = "";
				SUPPORTED_PLATFORMS = "iphoneos iphonesimulator";
				SUPPORTS_MACCATALYST = NO;
				SUPPORTS_MAC_DESIGNED_FOR_IPHONE_IPAD = YES;
				SWIFT_EMIT_LOC_STRINGS = NO;
				SWIFT_VERSION = 5.0;
				TARGETED_DEVICE_FAMILY = 2;
				TEST_TARGET_NAME = PlantUMLApp;
			};
			name = Release;
		};
		A0D3C66B28984A11000838D7 /* Debug */ = {
			isa = XCBuildConfiguration;
			buildSettings = {
				ALWAYS_SEARCH_USER_PATHS = NO;
				ASSETCATALOG_COMPILER_GENERATE_SWIFT_ASSET_SYMBOL_EXTENSIONS = YES;
				CLANG_ANALYZER_NONNULL = YES;
				CLANG_ANALYZER_NUMBER_OBJECT_CONVERSION = YES_AGGRESSIVE;
				CLANG_CXX_LANGUAGE_STANDARD = "gnu++17";
				CLANG_ENABLE_MODULES = YES;
				CLANG_ENABLE_OBJC_ARC = YES;
				CLANG_ENABLE_OBJC_WEAK = YES;
				CLANG_WARN_BLOCK_CAPTURE_AUTORELEASING = YES;
				CLANG_WARN_BOOL_CONVERSION = YES;
				CLANG_WARN_COMMA = YES;
				CLANG_WARN_CONSTANT_CONVERSION = YES;
				CLANG_WARN_DEPRECATED_OBJC_IMPLEMENTATIONS = YES;
				CLANG_WARN_DIRECT_OBJC_ISA_USAGE = YES_ERROR;
				CLANG_WARN_DOCUMENTATION_COMMENTS = YES;
				CLANG_WARN_EMPTY_BODY = YES;
				CLANG_WARN_ENUM_CONVERSION = YES;
				CLANG_WARN_INFINITE_RECURSION = YES;
				CLANG_WARN_INT_CONVERSION = YES;
				CLANG_WARN_NON_LITERAL_NULL_CONVERSION = YES;
				CLANG_WARN_OBJC_IMPLICIT_RETAIN_SELF = YES;
				CLANG_WARN_OBJC_LITERAL_CONVERSION = YES;
				CLANG_WARN_OBJC_ROOT_CLASS = YES_ERROR;
				CLANG_WARN_QUOTED_INCLUDE_IN_FRAMEWORK_HEADER = YES;
				CLANG_WARN_RANGE_LOOP_ANALYSIS = YES;
				CLANG_WARN_STRICT_PROTOTYPES = YES;
				CLANG_WARN_SUSPICIOUS_MOVE = YES;
				CLANG_WARN_UNGUARDED_AVAILABILITY = YES_AGGRESSIVE;
				CLANG_WARN_UNREACHABLE_CODE = YES;
				CLANG_WARN__DUPLICATE_METHOD_MATCH = YES;
				COPY_PHASE_STRIP = NO;
				DEBUG_INFORMATION_FORMAT = dwarf;
				ENABLE_STRICT_OBJC_MSGSEND = YES;
				ENABLE_TESTABILITY = YES;
				ENABLE_USER_SCRIPT_SANDBOXING = YES;
				GCC_C_LANGUAGE_STANDARD = gnu11;
				GCC_DYNAMIC_NO_PIC = NO;
				GCC_NO_COMMON_BLOCKS = YES;
				GCC_OPTIMIZATION_LEVEL = 0;
				GCC_PREPROCESSOR_DEFINITIONS = (
					"DEBUG=1",
					"$(inherited)",
				);
				GCC_WARN_64_TO_32_BIT_CONVERSION = YES;
				GCC_WARN_ABOUT_RETURN_TYPE = YES_ERROR;
				GCC_WARN_UNDECLARED_SELECTOR = YES;
				GCC_WARN_UNINITIALIZED_AUTOS = YES_AGGRESSIVE;
				GCC_WARN_UNUSED_FUNCTION = YES;
				GCC_WARN_UNUSED_VARIABLE = YES;
				IPHONEOS_DEPLOYMENT_TARGET = 16.0;
				MTL_ENABLE_DEBUG_INFO = INCLUDE_SOURCE;
				MTL_FAST_MATH = YES;
				ONLY_ACTIVE_ARCH = YES;
				SDKROOT = iphoneos;
				SWIFT_ACTIVE_COMPILATION_CONDITIONS = DEBUG;
				SWIFT_OPTIMIZATION_LEVEL = "-Onone";
			};
			name = Debug;
		};
		A0D3C66C28984A11000838D7 /* Release */ = {
			isa = XCBuildConfiguration;
			buildSettings = {
				ALWAYS_SEARCH_USER_PATHS = NO;
				ASSETCATALOG_COMPILER_GENERATE_SWIFT_ASSET_SYMBOL_EXTENSIONS = YES;
				CLANG_ANALYZER_NONNULL = YES;
				CLANG_ANALYZER_NUMBER_OBJECT_CONVERSION = YES_AGGRESSIVE;
				CLANG_CXX_LANGUAGE_STANDARD = "gnu++17";
				CLANG_ENABLE_MODULES = YES;
				CLANG_ENABLE_OBJC_ARC = YES;
				CLANG_ENABLE_OBJC_WEAK = YES;
				CLANG_WARN_BLOCK_CAPTURE_AUTORELEASING = YES;
				CLANG_WARN_BOOL_CONVERSION = YES;
				CLANG_WARN_COMMA = YES;
				CLANG_WARN_CONSTANT_CONVERSION = YES;
				CLANG_WARN_DEPRECATED_OBJC_IMPLEMENTATIONS = YES;
				CLANG_WARN_DIRECT_OBJC_ISA_USAGE = YES_ERROR;
				CLANG_WARN_DOCUMENTATION_COMMENTS = YES;
				CLANG_WARN_EMPTY_BODY = YES;
				CLANG_WARN_ENUM_CONVERSION = YES;
				CLANG_WARN_INFINITE_RECURSION = YES;
				CLANG_WARN_INT_CONVERSION = YES;
				CLANG_WARN_NON_LITERAL_NULL_CONVERSION = YES;
				CLANG_WARN_OBJC_IMPLICIT_RETAIN_SELF = YES;
				CLANG_WARN_OBJC_LITERAL_CONVERSION = YES;
				CLANG_WARN_OBJC_ROOT_CLASS = YES_ERROR;
				CLANG_WARN_QUOTED_INCLUDE_IN_FRAMEWORK_HEADER = YES;
				CLANG_WARN_RANGE_LOOP_ANALYSIS = YES;
				CLANG_WARN_STRICT_PROTOTYPES = YES;
				CLANG_WARN_SUSPICIOUS_MOVE = YES;
				CLANG_WARN_UNGUARDED_AVAILABILITY = YES_AGGRESSIVE;
				CLANG_WARN_UNREACHABLE_CODE = YES;
				CLANG_WARN__DUPLICATE_METHOD_MATCH = YES;
				COPY_PHASE_STRIP = NO;
				DEBUG_INFORMATION_FORMAT = "dwarf-with-dsym";
				ENABLE_NS_ASSERTIONS = NO;
				ENABLE_STRICT_OBJC_MSGSEND = YES;
				ENABLE_USER_SCRIPT_SANDBOXING = YES;
				GCC_C_LANGUAGE_STANDARD = gnu11;
				GCC_NO_COMMON_BLOCKS = YES;
				GCC_WARN_64_TO_32_BIT_CONVERSION = YES;
				GCC_WARN_ABOUT_RETURN_TYPE = YES_ERROR;
				GCC_WARN_UNDECLARED_SELECTOR = YES;
				GCC_WARN_UNINITIALIZED_AUTOS = YES_AGGRESSIVE;
				GCC_WARN_UNUSED_FUNCTION = YES;
				GCC_WARN_UNUSED_VARIABLE = YES;
				IPHONEOS_DEPLOYMENT_TARGET = 16.0;
				MTL_ENABLE_DEBUG_INFO = NO;
				MTL_FAST_MATH = YES;
				SDKROOT = iphoneos;
				SWIFT_COMPILATION_MODE = wholemodule;
				SWIFT_OPTIMIZATION_LEVEL = "-O";
				VALIDATE_PRODUCT = YES;
			};
			name = Release;
		};
		A0D3C66E28984A11000838D7 /* Debug */ = {
			isa = XCBuildConfiguration;
			baseConfigurationReference = A038DB5B29D452880032E312 /* OpenAI.xcconfig */;
			buildSettings = {
				ASSETCATALOG_COMPILER_APPICON_NAME = AppIcon;
				ASSETCATALOG_COMPILER_GLOBAL_ACCENT_COLOR_NAME = AccentColor;
				CODE_SIGN_STYLE = Automatic;
				CURRENT_PROJECT_VERSION = 1;
				DEVELOPMENT_ASSET_PATHS = "";
				DEVELOPMENT_TEAM = 48J595L9BX;
				ENABLE_PREVIEWS = YES;
				GENERATE_INFOPLIST_FILE = YES;
				INFOPLIST_FILE = PlantUML/Info.plist;
				INFOPLIST_KEY_CFBundleDisplayName = PlantUMLApp;
				INFOPLIST_KEY_LSApplicationCategoryType = "public.app-category.developer-tools";
				INFOPLIST_KEY_NSPhotoLibraryAddUsageDescription = "This app requires access to the photo library to let you pick diagram picture for your gallery.";
				INFOPLIST_KEY_NSPhotoLibraryUsageDescription = "This app requires access to the photo library to let you pick diagram picture for your gallery.";
				INFOPLIST_KEY_UIApplicationSceneManifest_Generation = YES;
				INFOPLIST_KEY_UIApplicationSupportsIndirectInputEvents = YES;
				INFOPLIST_KEY_UILaunchScreen_Generation = YES;
				INFOPLIST_KEY_UISupportedInterfaceOrientations_iPad = "UIInterfaceOrientationPortrait UIInterfaceOrientationPortraitUpsideDown UIInterfaceOrientationLandscapeLeft UIInterfaceOrientationLandscapeRight";
				INFOPLIST_KEY_UISupportedInterfaceOrientations_iPhone = "UIInterfaceOrientationPortrait UIInterfaceOrientationLandscapeLeft UIInterfaceOrientationLandscapeRight";
				INFOPLIST_KEY_UISupportsDocumentBrowser = YES;
				LD_RUNPATH_SEARCH_PATHS = (
					"$(inherited)",
					"@executable_path/Frameworks",
				);
				MARKETING_VERSION = 3.3.0;
				PRODUCT_BUNDLE_IDENTIFIER = org.bsc.PlantUML;
				PRODUCT_NAME = "$(TARGET_NAME)";
				SUPPORTED_PLATFORMS = "iphoneos iphonesimulator";
				SUPPORTS_MACCATALYST = NO;
				SUPPORTS_MAC_DESIGNED_FOR_IPHONE_IPAD = YES;
				SWIFT_EMIT_LOC_STRINGS = YES;
				SWIFT_VERSION = 5.0;
				TARGETED_DEVICE_FAMILY = 2;
			};
			name = Debug;
		};
		A0D3C66F28984A11000838D7 /* Release */ = {
			isa = XCBuildConfiguration;
			baseConfigurationReference = A074F6982A16D40500061398 /* OpenAI.prod.xcconfig */;
			buildSettings = {
				ASSETCATALOG_COMPILER_APPICON_NAME = AppIcon;
				ASSETCATALOG_COMPILER_GLOBAL_ACCENT_COLOR_NAME = AccentColor;
				CODE_SIGN_STYLE = Automatic;
				CURRENT_PROJECT_VERSION = 1;
				DEVELOPMENT_ASSET_PATHS = "";
				DEVELOPMENT_TEAM = 48J595L9BX;
				ENABLE_PREVIEWS = YES;
				"EXCLUDED_SOURCE_FILE_NAMES[arch=*]" = OpenAI.xcconfig;
				GENERATE_INFOPLIST_FILE = YES;
				INFOPLIST_FILE = PlantUML/Info.plist;
				INFOPLIST_KEY_CFBundleDisplayName = PlantUMLApp;
				INFOPLIST_KEY_LSApplicationCategoryType = "public.app-category.developer-tools";
				INFOPLIST_KEY_NSPhotoLibraryAddUsageDescription = "This app requires access to the photo library to let you pick diagram picture for your gallery.";
				INFOPLIST_KEY_NSPhotoLibraryUsageDescription = "This app requires access to the photo library to let you pick diagram picture for your gallery.";
				INFOPLIST_KEY_UIApplicationSceneManifest_Generation = YES;
				INFOPLIST_KEY_UIApplicationSupportsIndirectInputEvents = YES;
				INFOPLIST_KEY_UILaunchScreen_Generation = YES;
				INFOPLIST_KEY_UISupportedInterfaceOrientations_iPad = "UIInterfaceOrientationPortrait UIInterfaceOrientationPortraitUpsideDown UIInterfaceOrientationLandscapeLeft UIInterfaceOrientationLandscapeRight";
				INFOPLIST_KEY_UISupportedInterfaceOrientations_iPhone = "UIInterfaceOrientationPortrait UIInterfaceOrientationLandscapeLeft UIInterfaceOrientationLandscapeRight";
				INFOPLIST_KEY_UISupportsDocumentBrowser = YES;
				LD_RUNPATH_SEARCH_PATHS = (
					"$(inherited)",
					"@executable_path/Frameworks",
				);
				MARKETING_VERSION = 3.3.0;
				PRODUCT_BUNDLE_IDENTIFIER = org.bsc.PlantUML;
				PRODUCT_NAME = "$(TARGET_NAME)";
				SUPPORTED_PLATFORMS = "iphoneos iphonesimulator";
				SUPPORTS_MACCATALYST = NO;
				SUPPORTS_MAC_DESIGNED_FOR_IPHONE_IPAD = YES;
				SWIFT_EMIT_LOC_STRINGS = YES;
				SWIFT_VERSION = 5.0;
				TARGETED_DEVICE_FAMILY = 2;
			};
			name = Release;
		};
		A0D3C67128984A11000838D7 /* Debug */ = {
			isa = XCBuildConfiguration;
			buildSettings = {
				ALWAYS_EMBED_SWIFT_STANDARD_LIBRARIES = YES;
				BUNDLE_LOADER = "$(TEST_HOST)";
				CODE_SIGN_STYLE = Automatic;
				CURRENT_PROJECT_VERSION = 1;
				DEVELOPMENT_TEAM = 48J595L9BX;
				GENERATE_INFOPLIST_FILE = YES;
				IPHONEOS_DEPLOYMENT_TARGET = 16.0;
				MARKETING_VERSION = 1.0;
				PRODUCT_BUNDLE_IDENTIFIER = org.bsc.PlantUMLTests;
				PRODUCT_NAME = "$(TARGET_NAME)";
				SUPPORTED_PLATFORMS = "iphoneos iphonesimulator";
				SUPPORTS_MACCATALYST = NO;
				SUPPORTS_MAC_DESIGNED_FOR_IPHONE_IPAD = YES;
				SWIFT_EMIT_LOC_STRINGS = NO;
				SWIFT_VERSION = 5.0;
				TARGETED_DEVICE_FAMILY = 2;
				TEST_HOST = "$(BUILT_PRODUCTS_DIR)/PlantUMLApp.app/$(BUNDLE_EXECUTABLE_FOLDER_PATH)/PlantUMLApp";
			};
			name = Debug;
		};
		A0D3C67228984A11000838D7 /* Release */ = {
			isa = XCBuildConfiguration;
			buildSettings = {
				ALWAYS_EMBED_SWIFT_STANDARD_LIBRARIES = YES;
				BUNDLE_LOADER = "$(TEST_HOST)";
				CODE_SIGN_STYLE = Automatic;
				CURRENT_PROJECT_VERSION = 1;
				DEVELOPMENT_TEAM = 48J595L9BX;
				GENERATE_INFOPLIST_FILE = YES;
				IPHONEOS_DEPLOYMENT_TARGET = 16.0;
				MARKETING_VERSION = 1.0;
				PRODUCT_BUNDLE_IDENTIFIER = org.bsc.PlantUMLTests;
				PRODUCT_NAME = "$(TARGET_NAME)";
				SUPPORTED_PLATFORMS = "iphoneos iphonesimulator";
				SUPPORTS_MACCATALYST = NO;
				SUPPORTS_MAC_DESIGNED_FOR_IPHONE_IPAD = YES;
				SWIFT_EMIT_LOC_STRINGS = NO;
				SWIFT_VERSION = 5.0;
				TARGETED_DEVICE_FAMILY = 2;
				TEST_HOST = "$(BUILT_PRODUCTS_DIR)/PlantUMLApp.app/$(BUNDLE_EXECUTABLE_FOLDER_PATH)/PlantUMLApp";
			};
			name = Release;
		};
/* End XCBuildConfiguration section */

/* Begin XCConfigurationList section */
		A00729C029DB2A9D00D73D1A /* Build configuration list for PBXNativeTarget "PlantUMLAppUITests" */ = {
			isa = XCConfigurationList;
			buildConfigurations = (
				A00729C129DB2A9D00D73D1A /* Debug */,
				A00729C229DB2A9D00D73D1A /* Release */,
			);
			defaultConfigurationIsVisible = 0;
			defaultConfigurationName = Release;
		};
		A0D3C64128984A0E000838D7 /* Build configuration list for PBXProject "PlantUMLApp" */ = {
			isa = XCConfigurationList;
			buildConfigurations = (
				A0D3C66B28984A11000838D7 /* Debug */,
				A0D3C66C28984A11000838D7 /* Release */,
			);
			defaultConfigurationIsVisible = 0;
			defaultConfigurationName = Release;
		};
		A0D3C66D28984A11000838D7 /* Build configuration list for PBXNativeTarget "PlantUMLApp" */ = {
			isa = XCConfigurationList;
			buildConfigurations = (
				A0D3C66E28984A11000838D7 /* Debug */,
				A0D3C66F28984A11000838D7 /* Release */,
			);
			defaultConfigurationIsVisible = 0;
			defaultConfigurationName = Release;
		};
		A0D3C67028984A11000838D7 /* Build configuration list for PBXNativeTarget "PlantUMLTests" */ = {
			isa = XCConfigurationList;
			buildConfigurations = (
				A0D3C67128984A11000838D7 /* Debug */,
				A0D3C67228984A11000838D7 /* Release */,
			);
			defaultConfigurationIsVisible = 0;
			defaultConfigurationName = Release;
		};
/* End XCConfigurationList section */

/* Begin XCSwiftPackageProductDependency section */
		A00823982C73A5B000464590 /* AIAgent */ = {
			isa = XCSwiftPackageProductDependency;
			productName = AIAgent;
		};
		A008239A2C73A5B000464590 /* AppSecureStorage */ = {
			isa = XCSwiftPackageProductDependency;
			productName = AppSecureStorage;
		};
		A008239C2C73A5B000464590 /* PlantUMLFramework */ = {
			isa = XCSwiftPackageProductDependency;
			productName = PlantUMLFramework;
		};
		A09F62DC29DDD08600650C9A /* PlantUMLFramework */ = {
			isa = XCSwiftPackageProductDependency;
			productName = PlantUMLFramework;
		};
		A0BD13F629EB16280048D9C6 /* PlantUMLFramework */ = {
			isa = XCSwiftPackageProductDependency;
			productName = PlantUMLFramework;
		};
		A0C0C33B2B5D9C7700CE66A2 /* AppSecureStorage */ = {
			isa = XCSwiftPackageProductDependency;
			productName = AppSecureStorage;
		};
/* End XCSwiftPackageProductDependency section */
	};
	rootObject = A0D3C63E28984A0E000838D7 /* Project object */;
}
