{
  "pins" : [
    {
      "identity" : "plantuml4ipad",
      "kind" : "remoteSourceControl",
      "location" : "https://github.com/bsorrentino/PlantUML4iPad.git",
      "state" : {
        "branch" : "line_editor",
        "revision" : "2b4c8ef77bdb061cf1c3fd722aa808218e40c167"
      }
    }
  ],
  "version" : 2
}
