{
  "pins" : [
    {
      "identity" : "plantuml4ipad",
      "kind" : "remoteSourceControl",
      "location" : "https://github.com/bsorrentino/PlantUML4iPad.git",
      "state" : {
        "branch" : "line_editor",
        "revision" : "6f6ddb7113c4f82d7ae8faed40342e6fee770f71"
      }
    }
  ],
  "version" : 2
}
