{
  "pins" : [
    {
      "identity" : "plantuml4ipad",
      "kind" : "remoteSourceControl",
      "location" : "https://github.com/bsorrentino/PlantUML4iPad.git",
      "state" : {
        "branch" : "line_editor",
        "revision" : "89f249c5f25f1125ea62b075dfa5507a2aa69a06"
      }
    }
  ],
  "version" : 2
}
